
Microsoft Visual Studio Solution File, Format Version 12.00
# Visual Studio Version 17
VisualStudioVersion = 17.4.33213.308
MinimumVisualStudioVersion = 10.0.40219.1
Project("{FAE04EC0-301F-11D3-BF4B-00C04F79EFBC}") = "SaveStates", "SaveStates.csproj", "{AB7C6C35-B89E-48DA-8F84-26C368DDD39A}"
EndProject
Global
	GlobalSection(SolutionConfigurationPlatforms) = preSolution
		Debug|Any CPU = Debug|Any CPU
		Release|Any CPU = Release|Any CPU
	EndGlobalSection
	GlobalSection(ProjectConfigurationPlatforms) = postSolution
		{AB7C6C35-B89E-48DA-8F84-26C368DDD39A}.Debug|Any CPU.ActiveCfg = Debug|Any CPU
		{AB7C6C35-B89E-48DA-8F84-26C368DDD39A}.Debug|Any CPU.Build.0 = Debug|Any CPU
		{AB7C6C35-B89E-48DA-8F84-26C368DDD39A}.Release|Any CPU.ActiveCfg = Release|Any CPU
		{AB7C6C35-B89E-48DA-8F84-26C368DDD39A}.Release|Any CPU.Build.0 = Release|Any CPU
	EndGlobalSection
	GlobalSection(SolutionProperties) = preSolution
		HideSolutionNode = FALSE
	EndGlobalSection
	GlobalSection(ExtensibilityGlobals) = postSolution
		SolutionGuid = {846DB83A-CA97-4FBC-AE14-087917BBE9ED}
	EndGlobalSection
EndGlobal
